
Microsoft Visual Studio Solution File, Format Version 12.00
# Visual Studio Version 17
VisualStudioVersion = 17.8.34511.84
MinimumVisualStudioVersion = 10.0.40219.1
Project("{FAE04EC0-301F-11D3-BF4B-00C04F79EFBC}") = "07.05.24_c#", "07.05.24_c#.csproj", "{5461FBD3-5139-43C5-8A39-A65AA6D7A09D}"
EndProject
Global
	GlobalSection(SolutionConfigurationPlatforms) = preSolution
		Debug|Any CPU = Debug|Any CPU
		Release|Any CPU = Release|Any CPU
	EndGlobalSection
	GlobalSection(ProjectConfigurationPlatforms) = postSolution
		{5461FBD3-5139-43C5-8A39-A65AA6D7A09D}.Debug|Any CPU.ActiveCfg = Debug|Any CPU
		{5461FBD3-5139-43C5-8A39-A65AA6D7A09D}.Debug|Any CPU.Build.0 = Debug|Any CPU
		{5461FBD3-5139-43C5-8A39-A65AA6D7A09D}.Release|Any CPU.ActiveCfg = Release|Any CPU
		{5461FBD3-5139-43C5-8A39-A65AA6D7A09D}.Release|Any CPU.Build.0 = Release|Any CPU
	EndGlobalSection
	GlobalSection(SolutionProperties) = preSolution
		HideSolutionNode = FALSE
	EndGlobalSection
	GlobalSection(ExtensibilityGlobals) = postSolution
		SolutionGuid = {1CC0A3C8-E6FB-4723-939E-33777B677A1F}
	EndGlobalSection
EndGlobal
